
Microsoft Visual Studio Solution File, Format Version 12.00
# Visual Studio 15
VisualStudioVersion = 15.0.28306.52
MinimumVisualStudioVersion = 10.0.40219.1
Project("{9A19103F-16F7-4668-BE54-9A1E7A4F7556}") = "Studio8Server", "Studio8Server\Studio8Server.csproj", "{8978E789-97E7-4116-B68A-122BA1C2BD75}"
EndProject
Project("{9A19103F-16F7-4668-BE54-9A1E7A4F7556}") = "Studio8ServerTest", "Studio8ServerTest\Studio8ServerTest.csproj", "{EAA039B1-51ED-4437-8389-4333EAF180AE}"
EndProject
Project("{9A19103F-16F7-4668-BE54-9A1E7A4F7556}") = "Studio8Client", "Studio8Client\Studio8Client.csproj", "{B2263EAD-702C-4AB0-8402-3266C64EA1FF}"
EndProject
Project("{9A19103F-16F7-4668-BE54-9A1E7A4F7556}") = "Studio8ClientTest", "Studio8ClientTest\Studio8ClientTest.csproj", "{461968FE-6304-4EFB-8D09-68423B162003}"
EndProject
Project("{9A19103F-16F7-4668-BE54-9A1E7A4F7556}") = "Studio8CommonLib", "Studio8CommonLib\Studio8CommonLib.csproj", "{2CC7937A-666D-4931-A499-2C2CCB866D44}"
EndProject
Global
	GlobalSection(SolutionConfigurationPlatforms) = preSolution
		Debug|Any CPU = Debug|Any CPU
		Release|Any CPU = Release|Any CPU
	EndGlobalSection
	GlobalSection(ProjectConfigurationPlatforms) = postSolution
		{8978E789-97E7-4116-B68A-122BA1C2BD75}.Debug|Any CPU.ActiveCfg = Debug|Any CPU
		{8978E789-97E7-4116-B68A-122BA1C2BD75}.Debug|Any CPU.Build.0 = Debug|Any CPU
		{8978E789-97E7-4116-B68A-122BA1C2BD75}.Release|Any CPU.ActiveCfg = Release|Any CPU
		{8978E789-97E7-4116-B68A-122BA1C2BD75}.Release|Any CPU.Build.0 = Release|Any CPU
		{EAA039B1-51ED-4437-8389-4333EAF180AE}.Debug|Any CPU.ActiveCfg = Debug|Any CPU
		{EAA039B1-51ED-4437-8389-4333EAF180AE}.Debug|Any CPU.Build.0 = Debug|Any CPU
		{EAA039B1-51ED-4437-8389-4333EAF180AE}.Release|Any CPU.ActiveCfg = Release|Any CPU
		{EAA039B1-51ED-4437-8389-4333EAF180AE}.Release|Any CPU.Build.0 = Release|Any CPU
		{B2263EAD-702C-4AB0-8402-3266C64EA1FF}.Debug|Any CPU.ActiveCfg = Debug|Any CPU
		{B2263EAD-702C-4AB0-8402-3266C64EA1FF}.Debug|Any CPU.Build.0 = Debug|Any CPU
		{B2263EAD-702C-4AB0-8402-3266C64EA1FF}.Release|Any CPU.ActiveCfg = Release|Any CPU
		{B2263EAD-702C-4AB0-8402-3266C64EA1FF}.Release|Any CPU.Build.0 = Release|Any CPU
		{461968FE-6304-4EFB-8D09-68423B162003}.Debug|Any CPU.ActiveCfg = Debug|Any CPU
		{461968FE-6304-4EFB-8D09-68423B162003}.Debug|Any CPU.Build.0 = Debug|Any CPU
		{461968FE-6304-4EFB-8D09-68423B162003}.Release|Any CPU.ActiveCfg = Release|Any CPU
		{461968FE-6304-4EFB-8D09-68423B162003}.Release|Any CPU.Build.0 = Release|Any CPU
		{2CC7937A-666D-4931-A499-2C2CCB866D44}.Debug|Any CPU.ActiveCfg = Debug|Any CPU
		{2CC7937A-666D-4931-A499-2C2CCB866D44}.Debug|Any CPU.Build.0 = Debug|Any CPU
		{2CC7937A-666D-4931-A499-2C2CCB866D44}.Release|Any CPU.ActiveCfg = Release|Any CPU
		{2CC7937A-666D-4931-A499-2C2CCB866D44}.Release|Any CPU.Build.0 = Release|Any CPU
	EndGlobalSection
	GlobalSection(SolutionProperties) = preSolution
		HideSolutionNode = FALSE
	EndGlobalSection
	GlobalSection(ExtensibilityGlobals) = postSolution
		SolutionGuid = {90D87CFB-3ED5-4B90-A422-1D3E1F23ABBD}
	EndGlobalSection
EndGlobal
